// !$*UTF8*$!
{
	archiveVersion = 1;
	classes = {
	};
	objectVersion = 56;
	objects = {

/* Begin PBXBuildFile section */
		84AB756F2C1D396A0039CE53 /* KadoApp.swift in Sources */ = {isa = PBXBuildFile; fileRef = 84AB756E2C1D396A0039CE53 /* KadoApp.swift */; };
		84AB75712C1D396A0039CE53 /* ContentView.swift in Sources */ = {isa = PBXBuildFile; fileRef = 84AB75702C1D396A0039CE53 /* ContentView.swift */; };
		84AB75732C1D396B0039CE53 /* Assets.xcassets in Resources */ = {isa = PBXBuildFile; fileRef = 84AB75722C1D396B0039CE53 /* Assets.xcassets */; };
		84AB75762C1D396B0039CE53 /* Preview Assets.xcassets in Resources */ = {isa = PBXBuildFile; fileRef = 84AB75752C1D396B0039CE53 /* Preview Assets.xcassets */; };
		84AB75802C1D396B0039CE53 /* KadoTests.swift in Sources */ = {isa = PBXBuildFile; fileRef = 84AB757F2C1D396B0039CE53 /* KadoTests.swift */; };
		84AB758A2C1D396B0039CE53 /* KadoUITests.swift in Sources */ = {isa = PBXBuildFile; fileRef = 84AB75892C1D396B0039CE53 /* KadoUITests.swift */; };
		84AB758C2C1D396B0039CE53 /* KadoUITestsLaunchTests.swift in Sources */ = {isa = PBXBuildFile; fileRef = 84AB758B2C1D396B0039CE53 /* KadoUITestsLaunchTests.swift */; };
		84AB75992C1D430C0039CE53 /* SheetView.swift in Sources */ = {isa = PBXBuildFile; fileRef = 84AB75982C1D430C0039CE53 /* SheetView.swift */; };
/* End PBXBuildFile section */

/* Begin PBXContainerItemProxy section */
		84AB757C2C1D396B0039CE53 /* PBXContainerItemProxy */ = {
			isa = PBXContainerItemProxy;
			containerPortal = 84AB75632C1D396A0039CE53 /* Project object */;
			proxyType = 1;
			remoteGlobalIDString = 84AB756A2C1D396A0039CE53;
			remoteInfo = Kado;
		};
		84AB75862C1D396B0039CE53 /* PBXContainerItemProxy */ = {
			isa = PBXContainerItemProxy;
			containerPortal = 84AB75632C1D396A0039CE53 /* Project object */;
			proxyType = 1;
			remoteGlobalIDString = 84AB756A2C1D396A0039CE53;
			remoteInfo = Kado;
		};
/* End PBXContainerItemProxy section */

/* Begin PBXFileReference section */
		84AB756B2C1D396A0039CE53 /* Kado.app */ = {isa = PBXFileReference; explicitFileType = wrapper.application; includeInIndex = 0; path = Kado.app; sourceTree = BUILT_PRODUCTS_DIR; };
		84AB756E2C1D396A0039CE53 /* KadoApp.swift */ = {isa = PBXFileReference; lastKnownFileType = sourcecode.swift; path = KadoApp.swift; sourceTree = "<group>"; };
		84AB75702C1D396A0039CE53 /* ContentView.swift */ = {isa = PBXFileReference; lastKnownFileType = sourcecode.swift; path = ContentView.swift; sourceTree = "<group>"; };
		84AB75722C1D396B0039CE53 /* Assets.xcassets */ = {isa = PBXFileReference; lastKnownFileType = folder.assetcatalog; path = Assets.xcassets; sourceTree = "<group>"; };
		84AB75752C1D396B0039CE53 /* Preview Assets.xcassets */ = {isa = PBXFileReference; lastKnownFileType = folder.assetcatalog; path = "Preview Assets.xcassets"; sourceTree = "<group>"; };
		84AB757B2C1D396B0039CE53 /* KadoTests.xctest */ = {isa = PBXFileReference; explicitFileType = wrapper.cfbundle; includeInIndex = 0; path = KadoTests.xctest; sourceTree = BUILT_PRODUCTS_DIR; };
		84AB757F2C1D396B0039CE53 /* KadoTests.swift */ = {isa = PBXFileReference; lastKnownFileType = sourcecode.swift; path = KadoTests.swift; sourceTree = "<group>"; };
		84AB75852C1D396B0039CE53 /* KadoUITests.xctest */ = {isa = PBXFileReference; explicitFileType = wrapper.cfbundle; includeInIndex = 0; path = KadoUITests.xctest; sourceTree = BUILT_PRODUCTS_DIR; };
		84AB75892C1D396B0039CE53 /* KadoUITests.swift */ = {isa = PBXFileReference; lastKnownFileType = sourcecode.swift; path = KadoUITests.swift; sourceTree = "<group>"; };
		84AB758B2C1D396B0039CE53 /* KadoUITestsLaunchTests.swift */ = {isa = PBXFileReference; lastKnownFileType = sourcecode.swift; path = KadoUITestsLaunchTests.swift; sourceTree = "<group>"; };
		84AB75982C1D430C0039CE53 /* SheetView.swift */ = {isa = PBXFileReference; lastKnownFileType = sourcecode.swift; path = SheetView.swift; sourceTree = "<group>"; };
/* End PBXFileReference section */

/* Begin PBXFrameworksBuildPhase section */
		84AB75682C1D396A0039CE53 /* Frameworks */ = {
			isa = PBXFrameworksBuildPhase;
			buildActionMask = 2147483647;
			files = (
			);
			runOnlyForDeploymentPostprocessing = 0;
		};
		84AB75782C1D396B0039CE53 /* Frameworks */ = {
			isa = PBXFrameworksBuildPhase;
			buildActionMask = 2147483647;
			files = (
			);
			runOnlyForDeploymentPostprocessing = 0;
		};
		84AB75822C1D396B0039CE53 /* Frameworks */ = {
			isa = PBXFrameworksBuildPhase;
			buildActionMask = 2147483647;
			files = (
			);
			runOnlyForDeploymentPostprocessing = 0;
		};
/* End PBXFrameworksBuildPhase section */

/* Begin PBXGroup section */
		84AB75622C1D396A0039CE53 = {
			isa = PBXGroup;
			children = (
				84AB756D2C1D396A0039CE53 /* Kado */,
				84AB757E2C1D396B0039CE53 /* KadoTests */,
				84AB75882C1D396B0039CE53 /* KadoUITests */,
				84AB756C2C1D396A0039CE53 /* Products */,
			);
			sourceTree = "<group>";
		};
		84AB756C2C1D396A0039CE53 /* Products */ = {
			isa = PBXGroup;
			children = (
				84AB756B2C1D396A0039CE53 /* Kado.app */,
				84AB757B2C1D396B0039CE53 /* KadoTests.xctest */,
				84AB75852C1D396B0039CE53 /* KadoUITests.xctest */,
			);
			name = Products;
			sourceTree = "<group>";
		};
		84AB756D2C1D396A0039CE53 /* Kado */ = {
			isa = PBXGroup;
			children = (
				84AB756E2C1D396A0039CE53 /* KadoApp.swift */,
				84AB75702C1D396A0039CE53 /* ContentView.swift */,
				84AB75982C1D430C0039CE53 /* SheetView.swift */,
				84AB75722C1D396B0039CE53 /* Assets.xcassets */,
				84AB75742C1D396B0039CE53 /* Preview Content */,
			);
			path = Kado;
			sourceTree = "<group>";
		};
		84AB75742C1D396B0039CE53 /* Preview Content */ = {
			isa = PBXGroup;
			children = (
				84AB75752C1D396B0039CE53 /* Preview Assets.xcassets */,
			);
			path = "Preview Content";
			sourceTree = "<group>";
		};
		84AB757E2C1D396B0039CE53 /* KadoTests */ = {
			isa = PBXGroup;
			children = (
				84AB757F2C1D396B0039CE53 /* KadoTests.swift */,
			);
			path = KadoTests;
			sourceTree = "<group>";
		};
		84AB75882C1D396B0039CE53 /* KadoUITests */ = {
			isa = PBXGroup;
			children = (
				84AB75892C1D396B0039CE53 /* KadoUITests.swift */,
				84AB758B2C1D396B0039CE53 /* KadoUITestsLaunchTests.swift */,
			);
			path = KadoUITests;
			sourceTree = "<group>";
		};
/* End PBXGroup section */

/* Begin PBXNativeTarget section */
		84AB756A2C1D396A0039CE53 /* Kado */ = {
			isa = PBXNativeTarget;
			buildConfigurationList = 84AB758F2C1D396B0039CE53 /* Build configuration list for PBXNativeTarget "Kado" */;
			buildPhases = (
				84AB75672C1D396A0039CE53 /* Sources */,
				84AB75682C1D396A0039CE53 /* Frameworks */,
				84AB75692C1D396A0039CE53 /* Resources */,
			);
			buildRules = (
			);
			dependencies = (
			);
			name = Kado;
			productName = Kado;
			productReference = 84AB756B2C1D396A0039CE53 /* Kado.app */;
			productType = "com.apple.product-type.application";
		};
		84AB757A2C1D396B0039CE53 /* KadoTests */ = {
			isa = PBXNativeTarget;
			buildConfigurationList = 84AB75922C1D396B0039CE53 /* Build configuration list for PBXNativeTarget "KadoTests" */;
			buildPhases = (
				84AB75772C1D396B0039CE53 /* Sources */,
				84AB75782C1D396B0039CE53 /* Frameworks */,
				84AB75792C1D396B0039CE53 /* Resources */,
			);
			buildRules = (
			);
			dependencies = (
				84AB757D2C1D396B0039CE53 /* PBXTargetDependency */,
			);
			name = KadoTests;
			productName = KadoTests;
			productReference = 84AB757B2C1D396B0039CE53 /* KadoTests.xctest */;
			productType = "com.apple.product-type.bundle.unit-test";
		};
		84AB75842C1D396B0039CE53 /* KadoUITests */ = {
			isa = PBXNativeTarget;
			buildConfigurationList = 84AB75952C1D396B0039CE53 /* Build configuration list for PBXNativeTarget "KadoUITests" */;
			buildPhases = (
				84AB75812C1D396B0039CE53 /* Sources */,
				84AB75822C1D396B0039CE53 /* Frameworks */,
				84AB75832C1D396B0039CE53 /* Resources */,
			);
			buildRules = (
			);
			dependencies = (
				84AB75872C1D396B0039CE53 /* PBXTargetDependency */,
			);
			name = KadoUITests;
			productName = KadoUITests;
			productReference = 84AB75852C1D396B0039CE53 /* KadoUITests.xctest */;
			productType = "com.apple.product-type.bundle.ui-testing";
		};
/* End PBXNativeTarget section */

/* Begin PBXProject section */
		84AB75632C1D396A0039CE53 /* Project object */ = {
			isa = PBXProject;
			attributes = {
				BuildIndependentTargetsInParallel = 1;
				LastSwiftUpdateCheck = 1540;
				LastUpgradeCheck = 1540;
				TargetAttributes = {
					84AB756A2C1D396A0039CE53 = {
						CreatedOnToolsVersion = 15.4;
					};
					84AB757A2C1D396B0039CE53 = {
						CreatedOnToolsVersion = 15.4;
						TestTargetID = 84AB756A2C1D396A0039CE53;
					};
					84AB75842C1D396B0039CE53 = {
						CreatedOnToolsVersion = 15.4;
						TestTargetID = 84AB756A2C1D396A0039CE53;
					};
				};
			};
			buildConfigurationList = 84AB75662C1D396A0039CE53 /* Build configuration list for PBXProject "Kado" */;
			compatibilityVersion = "Xcode 14.0";
			developmentRegion = en;
			hasScannedForEncodings = 0;
			knownRegions = (
				en,
				Base,
			);
			mainGroup = 84AB75622C1D396A0039CE53;
			productRefGroup = 84AB756C2C1D396A0039CE53 /* Products */;
			projectDirPath = "";
			projectRoot = "";
			targets = (
				84AB756A2C1D396A0039CE53 /* Kado */,
				84AB757A2C1D396B0039CE53 /* KadoTests */,
				84AB75842C1D396B0039CE53 /* KadoUITests */,
			);
		};
/* End PBXProject section */

/* Begin PBXResourcesBuildPhase section */
		84AB75692C1D396A0039CE53 /* Resources */ = {
			isa = PBXResourcesBuildPhase;
			buildActionMask = 2147483647;
			files = (
				84AB75762C1D396B0039CE53 /* Preview Assets.xcassets in Resources */,
				84AB75732C1D396B0039CE53 /* Assets.xcassets in Resources */,
			);
			runOnlyForDeploymentPostprocessing = 0;
		};
		84AB75792C1D396B0039CE53 /* Resources */ = {
			isa = PBXResourcesBuildPhase;
			buildActionMask = 2147483647;
			files = (
			);
			runOnlyForDeploymentPostprocessing = 0;
		};
		84AB75832C1D396B0039CE53 /* Resources */ = {
			isa = PBXResourcesBuildPhase;
			buildActionMask = 2147483647;
			files = (
			);
			runOnlyForDeploymentPostprocessing = 0;
		};
/* End PBXResourcesBuildPhase section */

/* Begin PBXSourcesBuildPhase section */
		84AB75672C1D396A0039CE53 /* Sources */ = {
			isa = PBXSourcesBuildPhase;
			buildActionMask = 2147483647;
			files = (
				84AB75712C1D396A0039CE53 /* ContentView.swift in Sources */,
				84AB75992C1D430C0039CE53 /* SheetView.swift in Sources */,
				84AB756F2C1D396A0039CE53 /* KadoApp.swift in Sources */,
			);
			runOnlyForDeploymentPostprocessing = 0;
		};
		84AB75772C1D396B0039CE53 /* Sources */ = {
			isa = PBXSourcesBuildPhase;
			buildActionMask = 2147483647;
			files = (
				84AB75802C1D396B0039CE53 /* KadoTests.swift in Sources */,
			);
			runOnlyForDeploymentPostprocessing = 0;
		};
		84AB75812C1D396B0039CE53 /* Sources */ = {
			isa = PBXSourcesBuildPhase;
			buildActionMask = 2147483647;
			files = (
				84AB758A2C1D396B0039CE53 /* KadoUITests.swift in Sources */,
				84AB758C2C1D396B0039CE53 /* KadoUITestsLaunchTests.swift in Sources */,
			);
			runOnlyForDeploymentPostprocessing = 0;
		};
/* End PBXSourcesBuildPhase section */

/* Begin PBXTargetDependency section */
		84AB757D2C1D396B0039CE53 /* PBXTargetDependency */ = {
			isa = PBXTargetDependency;
			target = 84AB756A2C1D396A0039CE53 /* Kado */;
			targetProxy = 84AB757C2C1D396B0039CE53 /* PBXContainerItemProxy */;
		};
		84AB75872C1D396B0039CE53 /* PBXTargetDependency */ = {
			isa = PBXTargetDependency;
			target = 84AB756A2C1D396A0039CE53 /* Kado */;
			targetProxy = 84AB75862C1D396B0039CE53 /* PBXContainerItemProxy */;
		};
/* End PBXTargetDependency section */

/* Begin XCBuildConfiguration section */
		84AB758D2C1D396B0039CE53 /* Debug */ = {
			isa = XCBuildConfiguration;
			buildSettings = {
				ALWAYS_SEARCH_USER_PATHS = NO;
				ASSETCATALOG_COMPILER_GENERATE_SWIFT_ASSET_SYMBOL_EXTENSIONS = YES;
				CLANG_ANALYZER_NONNULL = YES;
				CLANG_ANALYZER_NUMBER_OBJECT_CONVERSION = YES_AGGRESSIVE;
				CLANG_CXX_LANGUAGE_STANDARD = "gnu++20";
				CLANG_ENABLE_MODULES = YES;
				CLANG_ENABLE_OBJC_ARC = YES;
				CLANG_ENABLE_OBJC_WEAK = YES;
				CLANG_WARN_BLOCK_CAPTURE_AUTORELEASING = YES;
				CLANG_WARN_BOOL_CONVERSION = YES;
				CLANG_WARN_COMMA = YES;
				CLANG_WARN_CONSTANT_CONVERSION = YES;
				CLANG_WARN_DEPRECATED_OBJC_IMPLEMENTATIONS = YES;
				CLANG_WARN_DIRECT_OBJC_ISA_USAGE = YES_ERROR;
				CLANG_WARN_DOCUMENTATION_COMMENTS = YES;
				CLANG_WARN_EMPTY_BODY = YES;
				CLANG_WARN_ENUM_CONVERSION = YES;
				CLANG_WARN_INFINITE_RECURSION = YES;
				CLANG_WARN_INT_CONVERSION = YES;
				CLANG_WARN_NON_LITERAL_NULL_CONVERSION = YES;
				CLANG_WARN_OBJC_IMPLICIT_RETAIN_SELF = YES;
				CLANG_WARN_OBJC_LITERAL_CONVERSION = YES;
				CLANG_WARN_OBJC_ROOT_CLASS = YES_ERROR;
				CLANG_WARN_QUOTED_INCLUDE_IN_FRAMEWORK_HEADER = YES;
				CLANG_WARN_RANGE_LOOP_ANALYSIS = YES;
				CLANG_WARN_STRICT_PROTOTYPES = YES;
				CLANG_WARN_SUSPICIOUS_MOVE = YES;
				CLANG_WARN_UNGUARDED_AVAILABILITY = YES_AGGRESSIVE;
				CLANG_WARN_UNREACHABLE_CODE = YES;
				CLANG_WARN__DUPLICATE_METHOD_MATCH = YES;
				COPY_PHASE_STRIP = NO;
				DEBUG_INFORMATION_FORMAT = dwarf;
				ENABLE_STRICT_OBJC_MSGSEND = YES;
				ENABLE_TESTABILITY = YES;
				ENABLE_USER_SCRIPT_SANDBOXING = YES;
				GCC_C_LANGUAGE_STANDARD = gnu17;
				GCC_DYNAMIC_NO_PIC = NO;
				GCC_NO_COMMON_BLOCKS = YES;
				GCC_OPTIMIZATION_LEVEL = 0;
				GCC_PREPROCESSOR_DEFINITIONS = (
					"DEBUG=1",
					"$(inherited)",
				);
				GCC_WARN_64_TO_32_BIT_CONVERSION = YES;
				GCC_WARN_ABOUT_RETURN_TYPE = YES_ERROR;
				GCC_WARN_UNDECLARED_SELECTOR = YES;
				GCC_WARN_UNINITIALIZED_AUTOS = YES_AGGRESSIVE;
				GCC_WARN_UNUSED_FUNCTION = YES;
				GCC_WARN_UNUSED_VARIABLE = YES;
				IPHONEOS_DEPLOYMENT_TARGET = 17.5;
				LOCALIZATION_PREFERS_STRING_CATALOGS = YES;
				MTL_ENABLE_DEBUG_INFO = INCLUDE_SOURCE;
				MTL_FAST_MATH = YES;
				ONLY_ACTIVE_ARCH = YES;
				SDKROOT = iphoneos;
				SWIFT_ACTIVE_COMPILATION_CONDITIONS = "DEBUG $(inherited)";
				SWIFT_OPTIMIZATION_LEVEL = "-Onone";
			};
			name = Debug;
		};
		84AB758E2C1D396B0039CE53 /* Release */ = {
			isa = XCBuildConfiguration;
			buildSettings = {
				ALWAYS_SEARCH_USER_PATHS = NO;
				ASSETCATALOG_COMPILER_GENERATE_SWIFT_ASSET_SYMBOL_EXTENSIONS = YES;
				CLANG_ANALYZER_NONNULL = YES;
				CLANG_ANALYZER_NUMBER_OBJECT_CONVERSION = YES_AGGRESSIVE;
				CLANG_CXX_LANGUAGE_STANDARD = "gnu++20";
				CLANG_ENABLE_MODULES = YES;
				CLANG_ENABLE_OBJC_ARC = YES;
				CLANG_ENABLE_OBJC_WEAK = YES;
				CLANG_WARN_BLOCK_CAPTURE_AUTORELEASING = YES;
				CLANG_WARN_BOOL_CONVERSION = YES;
				CLANG_WARN_COMMA = YES;
				CLANG_WARN_CONSTANT_CONVERSION = YES;
				CLANG_WARN_DEPRECATED_OBJC_IMPLEMENTATIONS = YES;
				CLANG_WARN_DIRECT_OBJC_ISA_USAGE = YES_ERROR;
				CLANG_WARN_DOCUMENTATION_COMMENTS = YES;
				CLANG_WARN_EMPTY_BODY = YES;
				CLANG_WARN_ENUM_CONVERSION = YES;
				CLANG_WARN_INFINITE_RECURSION = YES;
				CLANG_WARN_INT_CONVERSION = YES;
				CLANG_WARN_NON_LITERAL_NULL_CONVERSION = YES;
				CLANG_WARN_OBJC_IMPLICIT_RETAIN_SELF = YES;
				CLANG_WARN_OBJC_LITERAL_CONVERSION = YES;
				CLANG_WARN_OBJC_ROOT_CLASS = YES_ERROR;
				CLANG_WARN_QUOTED_INCLUDE_IN_FRAMEWORK_HEADER = YES;
				CLANG_WARN_RANGE_LOOP_ANALYSIS = YES;
				CLANG_WARN_STRICT_PROTOTYPES = YES;
				CLANG_WARN_SUSPICIOUS_MOVE = YES;
				CLANG_WARN_UNGUARDED_AVAILABILITY = YES_AGGRESSIVE;
				CLANG_WARN_UNREACHABLE_CODE = YES;
				CLANG_WARN__DUPLICATE_METHOD_MATCH = YES;
				COPY_PHASE_STRIP = NO;
				DEBUG_INFORMATION_FORMAT = "dwarf-with-dsym";
				ENABLE_NS_ASSERTIONS = NO;
				ENABLE_STRICT_OBJC_MSGSEND = YES;
				ENABLE_USER_SCRIPT_SANDBOXING = YES;
				GCC_C_LANGUAGE_STANDARD = gnu17;
				GCC_NO_COMMON_BLOCKS = YES;
				GCC_WARN_64_TO_32_BIT_CONVERSION = YES;
				GCC_WARN_ABOUT_RETURN_TYPE = YES_ERROR;
				GCC_WARN_UNDECLARED_SELECTOR = YES;
				GCC_WARN_UNINITIALIZED_AUTOS = YES_AGGRESSIVE;
				GCC_WARN_UNUSED_FUNCTION = YES;
				GCC_WARN_UNUSED_VARIABLE = YES;
				IPHONEOS_DEPLOYMENT_TARGET = 17.5;
				LOCALIZATION_PREFERS_STRING_CATALOGS = YES;
				MTL_ENABLE_DEBUG_INFO = NO;
				MTL_FAST_MATH = YES;
				SDKROOT = iphoneos;
				SWIFT_COMPILATION_MODE = wholemodule;
				VALIDATE_PRODUCT = YES;
			};
			name = Release;
		};
		84AB75902C1D396B0039CE53 /* Debug */ = {
			isa = XCBuildConfiguration;
			buildSettings = {
				ASSETCATALOG_COMPILER_APPICON_NAME = AppIcon;
				ASSETCATALOG_COMPILER_GLOBAL_ACCENT_COLOR_NAME = AccentColor;
				CODE_SIGN_STYLE = Automatic;
				CURRENT_PROJECT_VERSION = 1;
				DEVELOPMENT_ASSET_PATHS = "\"Kado/Preview Content\"";
				ENABLE_PREVIEWS = YES;
				GENERATE_INFOPLIST_FILE = YES;
				INFOPLIST_KEY_UIApplicationSceneManifest_Generation = YES;
				INFOPLIST_KEY_UIApplicationSupportsIndirectInputEvents = YES;
				INFOPLIST_KEY_UILaunchScreen_Generation = YES;
				INFOPLIST_KEY_UISupportedInterfaceOrientations_iPad = "UIInterfaceOrientationPortrait UIInterfaceOrientationPortraitUpsideDown UIInterfaceOrientationLandscapeLeft UIInterfaceOrientationLandscapeRight";
				INFOPLIST_KEY_UISupportedInterfaceOrientations_iPhone = "UIInterfaceOrientationPortrait UIInterfaceOrientationLandscapeLeft UIInterfaceOrientationLandscapeRight";
				LD_RUNPATH_SEARCH_PATHS = (
					"$(inherited)",
					"@executable_path/Frameworks",
				);
				MARKETING_VERSION = 1.0;
				PRODUCT_BUNDLE_IDENTIFIER = com.kadoi.Kado;
				PRODUCT_NAME = "$(TARGET_NAME)";
				SWIFT_EMIT_LOC_STRINGS = YES;
				SWIFT_VERSION = 5.0;
				TARGETED_DEVICE_FAMILY = "1,2";
			};
			name = Debug;
		};
		84AB75912C1D396B0039CE53 /* Release */ = {
			isa = XCBuildConfiguration;
			buildSettings = {
				ASSETCATALOG_COMPILER_APPICON_NAME = AppIcon;
				ASSETCATALOG_COMPILER_GLOBAL_ACCENT_COLOR_NAME = AccentColor;
				CODE_SIGN_STYLE = Automatic;
				CURRENT_PROJECT_VERSION = 1;
				DEVELOPMENT_ASSET_PATHS = "\"Kado/Preview Content\"";
				ENABLE_PREVIEWS = YES;
				GENERATE_INFOPLIST_FILE = YES;
				INFOPLIST_KEY_UIApplicationSceneManifest_Generation = YES;
				INFOPLIST_KEY_UIApplicationSupportsIndirectInputEvents = YES;
				INFOPLIST_KEY_UILaunchScreen_Generation = YES;
				INFOPLIST_KEY_UISupportedInterfaceOrientations_iPad = "UIInterfaceOrientationPortrait UIInterfaceOrientationPortraitUpsideDown UIInterfaceOrientationLandscapeLeft UIInterfaceOrientationLandscapeRight";
				INFOPLIST_KEY_UISupportedInterfaceOrientations_iPhone = "UIInterfaceOrientationPortrait UIInterfaceOrientationLandscapeLeft UIInterfaceOrientationLandscapeRight";
				LD_RUNPATH_SEARCH_PATHS = (
					"$(inherited)",
					"@executable_path/Frameworks",
				);
				MARKETING_VERSION = 1.0;
				PRODUCT_BUNDLE_IDENTIFIER = com.kadoi.Kado;
				PRODUCT_NAME = "$(TARGET_NAME)";
				SWIFT_EMIT_LOC_STRINGS = YES;
				SWIFT_VERSION = 5.0;
				TARGETED_DEVICE_FAMILY = "1,2";
			};
			name = Release;
		};
		84AB75932C1D396B0039CE53 /* Debug */ = {
			isa = XCBuildConfiguration;
			buildSettings = {
				ALWAYS_EMBED_SWIFT_STANDARD_LIBRARIES = YES;
				BUNDLE_LOADER = "$(TEST_HOST)";
				CODE_SIGN_STYLE = Automatic;
				CURRENT_PROJECT_VERSION = 1;
				GENERATE_INFOPLIST_FILE = YES;
				IPHONEOS_DEPLOYMENT_TARGET = 17.5;
				MARKETING_VERSION = 1.0;
				PRODUCT_BUNDLE_IDENTIFIER = com.kadoi.KadoTests;
				PRODUCT_NAME = "$(TARGET_NAME)";
				SWIFT_EMIT_LOC_STRINGS = NO;
				SWIFT_VERSION = 5.0;
				TARGETED_DEVICE_FAMILY = "1,2";
				TEST_HOST = "$(BUILT_PRODUCTS_DIR)/Kado.app/$(BUNDLE_EXECUTABLE_FOLDER_PATH)/Kado";
			};
			name = Debug;
		};
		84AB75942C1D396B0039CE53 /* Release */ = {
			isa = XCBuildConfiguration;
			buildSettings = {
				ALWAYS_EMBED_SWIFT_STANDARD_LIBRARIES = YES;
				BUNDLE_LOADER = "$(TEST_HOST)";
				CODE_SIGN_STYLE = Automatic;
				CURRENT_PROJECT_VERSION = 1;
				GENERATE_INFOPLIST_FILE = YES;
				IPHONEOS_DEPLOYMENT_TARGET = 17.5;
				MARKETING_VERSION = 1.0;
				PRODUCT_BUNDLE_IDENTIFIER = com.kadoi.KadoTests;
				PRODUCT_NAME = "$(TARGET_NAME)";
				SWIFT_EMIT_LOC_STRINGS = NO;
				SWIFT_VERSION = 5.0;
				TARGETED_DEVICE_FAMILY = "1,2";
				TEST_HOST = "$(BUILT_PRODUCTS_DIR)/Kado.app/$(BUNDLE_EXECUTABLE_FOLDER_PATH)/Kado";
			};
			name = Release;
		};
		84AB75962C1D396B0039CE53 /* Debug */ = {
			isa = XCBuildConfiguration;
			buildSettings = {
				ALWAYS_EMBED_SWIFT_STANDARD_LIBRARIES = YES;
				CODE_SIGN_STYLE = Automatic;
				CURRENT_PROJECT_VERSION = 1;
				GENERATE_INFOPLIST_FILE = YES;
				MARKETING_VERSION = 1.0;
				PRODUCT_BUNDLE_IDENTIFIER = com.kadoi.KadoUITests;
				PRODUCT_NAME = "$(TARGET_NAME)";
				SWIFT_EMIT_LOC_STRINGS = NO;
				SWIFT_VERSION = 5.0;
				TARGETED_DEVICE_FAMILY = "1,2";
				TEST_TARGET_NAME = Kado;
			};
			name = Debug;
		};
		84AB75972C1D396B0039CE53 /* Release */ = {
			isa = XCBuildConfiguration;
			buildSettings = {
				ALWAYS_EMBED_SWIFT_STANDARD_LIBRARIES = YES;
				CODE_SIGN_STYLE = Automatic;
				CURRENT_PROJECT_VERSION = 1;
				GENERATE_INFOPLIST_FILE = YES;
				MARKETING_VERSION = 1.0;
				PRODUCT_BUNDLE_IDENTIFIER = com.kadoi.KadoUITests;
				PRODUCT_NAME = "$(TARGET_NAME)";
				SWIFT_EMIT_LOC_STRINGS = NO;
				SWIFT_VERSION = 5.0;
				TARGETED_DEVICE_FAMILY = "1,2";
				TEST_TARGET_NAME = Kado;
			};
			name = Release;
		};
/* End XCBuildConfiguration section */

/* Begin XCConfigurationList section */
		84AB75662C1D396A0039CE53 /* Build configuration list for PBXProject "Kado" */ = {
			isa = XCConfigurationList;
			buildConfigurations = (
				84AB758D2C1D396B0039CE53 /* Debug */,
				84AB758E2C1D396B0039CE53 /* Release */,
			);
			defaultConfigurationIsVisible = 0;
			defaultConfigurationName = Release;
		};
		84AB758F2C1D396B0039CE53 /* Build configuration list for PBXNativeTarget "Kado" */ = {
			isa = XCConfigurationList;
			buildConfigurations = (
				84AB75902C1D396B0039CE53 /* Debug */,
				84AB75912C1D396B0039CE53 /* Release */,
			);
			defaultConfigurationIsVisible = 0;
			defaultConfigurationName = Release;
		};
		84AB75922C1D396B0039CE53 /* Build configuration list for PBXNativeTarget "KadoTests" */ = {
			isa = XCConfigurationList;
			buildConfigurations = (
				84AB75932C1D396B0039CE53 /* Debug */,
				84AB75942C1D396B0039CE53 /* Release */,
			);
			defaultConfigurationIsVisible = 0;
			defaultConfigurationName = Release;
		};
		84AB75952C1D396B0039CE53 /* Build configuration list for PBXNativeTarget "KadoUITests" */ = {
			isa = XCConfigurationList;
			buildConfigurations = (
				84AB75962C1D396B0039CE53 /* Debug */,
				84AB75972C1D396B0039CE53 /* Release */,
			);
			defaultConfigurationIsVisible = 0;
			defaultConfigurationName = Release;
		};
/* End XCConfigurationList section */
	};
	rootObject = 84AB75632C1D396A0039CE53 /* Project object */;
}
